
Microsoft Visual Studio Solution File, Format Version 12.00
# Visual Studio Version 16
VisualStudioVersion = 16.0.30128.74
MinimumVisualStudioVersion = 10.0.40219.1
Project("{FAE04EC0-301F-11D3-BF4B-00C04F79EFBC}") = "Lab1", "Lab1.csproj", "{D1214813-84BB-445C-8EBB-689E75DD3A8A}"
EndProject
Global
	GlobalSection(SolutionConfigurationPlatforms) = preSolution
		Debug|Any CPU = Debug|Any CPU
		Release|Any CPU = Release|Any CPU
	EndGlobalSection
	GlobalSection(ProjectConfigurationPlatforms) = postSolution
		{D1214813-84BB-445C-8EBB-689E75DD3A8A}.Debug|Any CPU.ActiveCfg = Debug|Any CPU
		{D1214813-84BB-445C-8EBB-689E75DD3A8A}.Debug|Any CPU.Build.0 = Debug|Any CPU
		{D1214813-84BB-445C-8EBB-689E75DD3A8A}.Release|Any CPU.ActiveCfg = Release|Any CPU
		{D1214813-84BB-445C-8EBB-689E75DD3A8A}.Release|Any CPU.Build.0 = Release|Any CPU
	EndGlobalSection
	GlobalSection(SolutionProperties) = preSolution
		HideSolutionNode = FALSE
	EndGlobalSection
	GlobalSection(ExtensibilityGlobals) = postSolution
		SolutionGuid = {7165159E-8296-4C89-B954-B73B0011C9F6}
	EndGlobalSection
EndGlobal
