
Microsoft Visual Studio Solution File, Format Version 12.00
# Visual Studio Version 16
VisualStudioVersion = 16.0.30128.74
MinimumVisualStudioVersion = 10.0.40219.1
Project("{FAE04EC0-301F-11D3-BF4B-00C04F79EFBC}") = "TestNew", "TestNew.csproj", "{D4CE5AE5-F67B-4C2D-A2E7-7DBD1514864D}"
EndProject
Global
	GlobalSection(SolutionConfigurationPlatforms) = preSolution
		Debug|Any CPU = Debug|Any CPU
		Release|Any CPU = Release|Any CPU
	EndGlobalSection
	GlobalSection(ProjectConfigurationPlatforms) = postSolution
		{D4CE5AE5-F67B-4C2D-A2E7-7DBD1514864D}.Debug|Any CPU.ActiveCfg = Debug|Any CPU
		{D4CE5AE5-F67B-4C2D-A2E7-7DBD1514864D}.Debug|Any CPU.Build.0 = Debug|Any CPU
		{D4CE5AE5-F67B-4C2D-A2E7-7DBD1514864D}.Release|Any CPU.ActiveCfg = Release|Any CPU
		{D4CE5AE5-F67B-4C2D-A2E7-7DBD1514864D}.Release|Any CPU.Build.0 = Release|Any CPU
	EndGlobalSection
	GlobalSection(SolutionProperties) = preSolution
		HideSolutionNode = FALSE
	EndGlobalSection
	GlobalSection(ExtensibilityGlobals) = postSolution
		SolutionGuid = {A398BFB0-E635-47E7-AC89-7FE58F735798}
	EndGlobalSection
EndGlobal
